
Microsoft Visual Studio Solution File, Format Version 12.00
# Visual Studio 14
VisualStudioVersion = 14.0.24720.0
MinimumVisualStudioVersion = 10.0.40219.1
Project("{FAE04EC0-301F-11D3-BF4B-00C04F79EFBC}") = "MyApp", "MyApp\MyApp.csproj", "{5378F33D-48D3-407F-BDE2-45927DED4592}"
EndProject
Project("{FAE04EC0-301F-11D3-BF4B-00C04F79EFBC}") = "MyApp.Business", "MyApp.Business\MyApp.Business.csproj", "{324F7D48-F312-4C39-83DA-4AE69508EED4}"
EndProject
Project("{FAE04EC0-301F-11D3-BF4B-00C04F79EFBC}") = "MyApp.Common", "MyApp.Common\MyApp.Common.csproj", "{DA856DB1-A9A1-4A15-809F-1B18AEBB748B}"
EndProject
Global
	GlobalSection(SolutionConfigurationPlatforms) = preSolution
		Debug|Any CPU = Debug|Any CPU
		Release|Any CPU = Release|Any CPU
	EndGlobalSection
	GlobalSection(ProjectConfigurationPlatforms) = postSolution
		{5378F33D-48D3-407F-BDE2-45927DED4592}.Debug|Any CPU.ActiveCfg = Debug|Any CPU
		{5378F33D-48D3-407F-BDE2-45927DED4592}.Debug|Any CPU.Build.0 = Debug|Any CPU
		{5378F33D-48D3-407F-BDE2-45927DED4592}.Debug|Any CPU.Deploy.0 = Debug|Any CPU
		{5378F33D-48D3-407F-BDE2-45927DED4592}.Release|Any CPU.ActiveCfg = Release|Any CPU
		{5378F33D-48D3-407F-BDE2-45927DED4592}.Release|Any CPU.Build.0 = Release|Any CPU
		{5378F33D-48D3-407F-BDE2-45927DED4592}.Release|Any CPU.Deploy.0 = Release|Any CPU
		{324F7D48-F312-4C39-83DA-4AE69508EED4}.Debug|Any CPU.ActiveCfg = Debug|Any CPU
		{324F7D48-F312-4C39-83DA-4AE69508EED4}.Debug|Any CPU.Build.0 = Debug|Any CPU
		{324F7D48-F312-4C39-83DA-4AE69508EED4}.Release|Any CPU.ActiveCfg = Release|Any CPU
		{324F7D48-F312-4C39-83DA-4AE69508EED4}.Release|Any CPU.Build.0 = Release|Any CPU
		{DA856DB1-A9A1-4A15-809F-1B18AEBB748B}.Debug|Any CPU.ActiveCfg = Debug|Any CPU
		{DA856DB1-A9A1-4A15-809F-1B18AEBB748B}.Debug|Any CPU.Build.0 = Debug|Any CPU
		{DA856DB1-A9A1-4A15-809F-1B18AEBB748B}.Release|Any CPU.ActiveCfg = Release|Any CPU
		{DA856DB1-A9A1-4A15-809F-1B18AEBB748B}.Release|Any CPU.Build.0 = Release|Any CPU
	EndGlobalSection
	GlobalSection(SolutionProperties) = preSolution
		HideSolutionNode = FALSE
	EndGlobalSection
EndGlobal
